# THIS IS AN AUTOGENERATED FILE. DO NOT EDIT THIS FILE DIRECTLY.
# yarn lockfile v1


"@angular/common@^2.4.4", "@angular/common@~2.4.3":
  version "2.4.4"
  resolved "https://registry.yarnpkg.com/@angular/common/-/common-2.4.4.tgz#039520c6395476d7f35ca250973dfef946c62831"

"@angular/compiler-cli@^2.4.4":
  version "2.4.4"
  resolved "https://registry.yarnpkg.com/@angular/compiler-cli/-/compiler-cli-2.4.4.tgz#726598f850e599677fa1638d1728096384665a63"
  dependencies:
    "@angular/tsc-wrapped" "0.5.1"
    minimist "^1.2.0"
    reflect-metadata "^0.1.2"

"@angular/compiler@^2.4.4", "@angular/compiler@~2.4.3":
  version "2.4.4"
  resolved "https://registry.yarnpkg.com/@angular/compiler/-/compiler-2.4.4.tgz#86b861685ebc4c7b19b1133bf8c5bf4d28c71475"

"@angular/core@^2.4.4", "@angular/core@~2.4.3":
  version "2.4.4"
  resolved "https://registry.yarnpkg.com/@angular/core/-/core-2.4.4.tgz#eafef7bbdefea321fa5e79998bb2f6707c70729d"

"@angular/forms@~2.4.3":
  version "2.4.4"
  resolved "https://registry.yarnpkg.com/@angular/forms/-/forms-2.4.4.tgz#9679ca369d5bc2968ee1a67634ac221d75487364"

"@angular/http@~2.4.3":
  version "2.4.4"
  resolved "https://registry.yarnpkg.com/@angular/http/-/http-2.4.4.tgz#e41a9808eeec9cfdf3d5f9f92d0041b5c041fd60"

"@angular/platform-browser-dynamic@~2.4.3":
  version "2.4.4"
  resolved "https://registry.yarnpkg.com/@angular/platform-browser-dynamic/-/platform-browser-dynamic-2.4.4.tgz#b5948cf2cac33c9634a400a7ece8fb5600f83107"

"@angular/platform-browser@~2.4.3":
  version "2.4.4"
  resolved "https://registry.yarnpkg.com/@angular/platform-browser/-/platform-browser-2.4.4.tgz#0bff3512d00b199211ff28df0aa5c6841718a19c"

"@angular/router@~3.4.3":
  version "3.4.4"
  resolved "https://registry.yarnpkg.com/@angular/router/-/router-3.4.4.tgz#8564889d5bf322a1a4b679bd82c053df03eabb72"

"@angular/tsc-wrapped@0.5.1":
  version "0.5.1"
  resolved "https://registry.yarnpkg.com/@angular/tsc-wrapped/-/tsc-wrapped-0.5.1.tgz#7a69bec999eef41903dddaaccdc862cfcface52c"
  dependencies:
    tsickle "^0.2"

fs-extra@^1.0.0:
  version "1.0.0"
  resolved "https://registry.yarnpkg.com/fs-extra/-/fs-extra-1.0.0.tgz#cd3ce5f7e7cb6145883fcae3191e9877f8587950"
  dependencies:
    graceful-fs "^4.1.2"
    jsonfile "^2.1.0"
    klaw "^1.0.0"

fs-p@^1.0.2:
  version "1.0.2"
  resolved "https://registry.yarnpkg.com/fs-p/-/fs-p-1.0.2.tgz#8d45ef58db4814df6f52d8f082b98b635f21ed39"
  dependencies:
    fs-extra "^1.0.0"

graceful-fs@^4.1.2, graceful-fs@^4.1.6, graceful-fs@^4.1.9:
  version "4.1.11"
  resolved "https://registry.yarnpkg.com/graceful-fs/-/graceful-fs-4.1.11.tgz#0e8bdfe4d1ddb8854d64e04ea7c00e2a026e5658"

jsonfile@^2.1.0:
  version "2.4.0"
  resolved "https://registry.yarnpkg.com/jsonfile/-/jsonfile-2.4.0.tgz#3736a2b428b87bbda0cc83b53fa3d633a35c2ae8"
  optionalDependencies:
    graceful-fs "^4.1.6"

klaw@^1.0.0:
  version "1.3.1"
  resolved "https://registry.yarnpkg.com/klaw/-/klaw-1.3.1.tgz#4088433b46b3b1ba259d78785d8e96f73ba02439"
  optionalDependencies:
    graceful-fs "^4.1.9"

minimist@0.0.8:
  version "0.0.8"
  resolved "https://registry.yarnpkg.com/minimist/-/minimist-0.0.8.tgz#857fcabfc3397d2625b8228262e86aa7a011b05d"

minimist@^1.2.0:
  version "1.2.0"
  resolved "https://registry.yarnpkg.com/minimist/-/minimist-1.2.0.tgz#a35008b20f41383eec1fb914f4cd5df79a264284"

mkdirp@^0.5.1:
  version "0.5.1"
  resolved "https://registry.yarnpkg.com/mkdirp/-/mkdirp-0.5.1.tgz#30057438eac6cf7f8c4767f38648d6697d75c903"
  dependencies:
    minimist "0.0.8"

nativescript-angular@next:
  version "1.4.1-2017-01-16-1206"
  resolved "https://registry.yarnpkg.com/nativescript-angular/-/nativescript-angular-1.4.1-2017-01-16-1206.tgz#0e54987214539d7a41b190ad4ecd02dabb6c0a34"
  dependencies:
    "@angular/common" "~2.4.3"
    "@angular/compiler" "~2.4.3"
    "@angular/core" "~2.4.3"
    "@angular/forms" "~2.4.3"
    "@angular/http" "~2.4.3"
    "@angular/platform-browser" "~2.4.3"
    "@angular/platform-browser-dynamic" "~2.4.3"
    "@angular/router" "~3.4.3"
    nativescript-intl "~0.0.8"
    parse5 "1.3.2"
    punycode "1.3.2"
    querystring "0.2.0"
    reflect-metadata "~0.1.8"
    rxjs "~5.0.1"
    url "0.10.3"

nativescript-intl@~0.0.8:
  version "0.0.10"
  resolved "https://registry.yarnpkg.com/nativescript-intl/-/nativescript-intl-0.0.10.tgz#2a310f07f627344f75db547177db18298d430b0e"

parse5@1.3.2:
  version "1.3.2"
  resolved "https://registry.yarnpkg.com/parse5/-/parse5-1.3.2.tgz#d9c9fca0aa7ee7be0f9690426dd4f9d1852af8ee"

punycode@1.3.2:
  version "1.3.2"
  resolved "https://registry.yarnpkg.com/punycode/-/punycode-1.3.2.tgz#9653a036fb7c1ee42342f2325cceefea3926c48d"

querystring@0.2.0:
  version "0.2.0"
  resolved "https://registry.yarnpkg.com/querystring/-/querystring-0.2.0.tgz#b209849203bb25df820da756e747005878521620"

reflect-metadata@^0.1.2, reflect-metadata@~0.1.8:
  version "0.1.9"
  resolved "https://registry.yarnpkg.com/reflect-metadata/-/reflect-metadata-0.1.9.tgz#987238dc87a516895fe457f130435ffbd763a4d4"

rxjs@^5.0.3, rxjs@~5.0.1:
  version "5.0.3"
  resolved "https://registry.yarnpkg.com/rxjs/-/rxjs-5.0.3.tgz#fc8bdf464ebf938812748e4196788f392fef9754"
  dependencies:
    symbol-observable "^1.0.1"

source-map-support@^0.4.2:
  version "0.4.10"
  resolved "https://registry.yarnpkg.com/source-map-support/-/source-map-support-0.4.10.tgz#d7b19038040a14c0837a18e630a196453952b378"
  dependencies:
    source-map "^0.5.3"

source-map@^0.5.3, source-map@^0.5.6:
  version "0.5.6"
  resolved "https://registry.yarnpkg.com/source-map/-/source-map-0.5.6.tgz#75ce38f52bf0733c5a7f0c118d81334a2bb5f412"

symbol-observable@^1.0.1:
  version "1.0.4"
  resolved "https://registry.yarnpkg.com/symbol-observable/-/symbol-observable-1.0.4.tgz#29bf615d4aa7121bdd898b22d4b3f9bc4e2aa03d"

tns-core-modules-widgets@next:
  version "2.6.0-2017-01-12-189"
  resolved "https://registry.yarnpkg.com/tns-core-modules-widgets/-/tns-core-modules-widgets-2.6.0-2017-01-12-189.tgz#e9f7dbd2feee35d7962dffe36c8d4520bed7acf8"

tns-core-modules@next:
  version "2.6.0-2017-01-16-5416"
  resolved "https://registry.yarnpkg.com/tns-core-modules/-/tns-core-modules-2.6.0-2017-01-16-5416.tgz#3ead5a42cd137d0d3c9fb36425ef60ce3ff78e16"
  dependencies:
    tns-core-modules-widgets next

tns-platform-declarations@2.4.4:
  version "2.4.4"
  resolved "https://registry.yarnpkg.com/tns-platform-declarations/-/tns-platform-declarations-2.4.4.tgz#0534de7e47529cac86a584841c094f9147a69f06"

tsickle@^0.2:
  version "0.2.4"
  resolved "https://registry.yarnpkg.com/tsickle/-/tsickle-0.2.4.tgz#98f4837bf45eb142a90fec751f8e30c6a5bc7c06"
  dependencies:
    minimist "^1.2.0"
    mkdirp "^0.5.1"
    source-map "^0.5.6"
    source-map-support "^0.4.2"

typescript@~2.1.5:
  version "2.1.5"
  resolved "https://registry.yarnpkg.com/typescript/-/typescript-2.1.5.tgz#6fe9479e00e01855247cea216e7561bafcdbcd4a"

url@0.10.3:
  version "0.10.3"
  resolved "https://registry.yarnpkg.com/url/-/url-0.10.3.tgz#021e4d9c7705f21bbf37d03ceb58767402774c64"
  dependencies:
    punycode "1.3.2"
    querystring "0.2.0"

zone.js@~0.7.6:
  version "0.7.6"
  resolved "https://registry.yarnpkg.com/zone.js/-/zone.js-0.7.6.tgz#fbbc39d3e0261d0986f1ba06306eb3aeb0d22009"
